
Microsoft Visual Studio Solution File, Format Version 12.00
# Visual Studio Version 16
VisualStudioVersion = 16.0.32126.315
MinimumVisualStudioVersion = 10.0.40219.1
Project("{FAE04EC0-301F-11D3-BF4B-00C04F79EFBC}") = "InformationTechnology", "InformationTechnology\InformationTechnology.csproj", "{E39E27BA-9105-48AB-9540-C9C87BB6E683}"
EndProject
Global
	GlobalSection(SolutionConfigurationPlatforms) = preSolution
		Debug|Any CPU = Debug|Any CPU
		Release|Any CPU = Release|Any CPU
	EndGlobalSection
	GlobalSection(ProjectConfigurationPlatforms) = postSolution
		{E39E27BA-9105-48AB-9540-C9C87BB6E683}.Debug|Any CPU.ActiveCfg = Debug|Any CPU
		{E39E27BA-9105-48AB-9540-C9C87BB6E683}.Debug|Any CPU.Build.0 = Debug|Any CPU
		{E39E27BA-9105-48AB-9540-C9C87BB6E683}.Release|Any CPU.ActiveCfg = Release|Any CPU
		{E39E27BA-9105-48AB-9540-C9C87BB6E683}.Release|Any CPU.Build.0 = Release|Any CPU
	EndGlobalSection
	GlobalSection(SolutionProperties) = preSolution
		HideSolutionNode = FALSE
	EndGlobalSection
	GlobalSection(ExtensibilityGlobals) = postSolution
		SolutionGuid = {760348D2-DA24-4982-9473-2C28861C28C8}
	EndGlobalSection
EndGlobal
